
Microsoft Visual Studio Solution File, Format Version 12.00
# Visual Studio 15
VisualStudioVersion = 15.0.27004.2005
MinimumVisualStudioVersion = 10.0.40219.1
Project("{FAE04EC0-301F-11D3-BF4B-00C04F79EFBC}") = "Testura.FunkyApiTester", "src\Testura.FunkyApiTester\Testura.FunkyApiTester.csproj", "{BF2B112A-19AB-45D8-AC8F-6B5AB18A81EF}"
EndProject
Project("{FAE04EC0-301F-11D3-BF4B-00C04F79EFBC}") = "Testura.FunkyApiTester.Tests", "src\Testura.FunkyApiTester.Tests\Testura.FunkyApiTester.Tests.csproj", "{E65666A2-37E0-4438-B0C2-4177BADCCA9D}"
EndProject
Global
	GlobalSection(SolutionConfigurationPlatforms) = preSolution
		Debug|Any CPU = Debug|Any CPU
		Release|Any CPU = Release|Any CPU
	EndGlobalSection
	GlobalSection(ProjectConfigurationPlatforms) = postSolution
		{BF2B112A-19AB-45D8-AC8F-6B5AB18A81EF}.Debug|Any CPU.ActiveCfg = Debug|Any CPU
		{BF2B112A-19AB-45D8-AC8F-6B5AB18A81EF}.Debug|Any CPU.Build.0 = Debug|Any CPU
		{BF2B112A-19AB-45D8-AC8F-6B5AB18A81EF}.Release|Any CPU.ActiveCfg = Release|Any CPU
		{BF2B112A-19AB-45D8-AC8F-6B5AB18A81EF}.Release|Any CPU.Build.0 = Release|Any CPU
		{E65666A2-37E0-4438-B0C2-4177BADCCA9D}.Debug|Any CPU.ActiveCfg = Debug|Any CPU
		{E65666A2-37E0-4438-B0C2-4177BADCCA9D}.Debug|Any CPU.Build.0 = Debug|Any CPU
		{E65666A2-37E0-4438-B0C2-4177BADCCA9D}.Release|Any CPU.ActiveCfg = Release|Any CPU
		{E65666A2-37E0-4438-B0C2-4177BADCCA9D}.Release|Any CPU.Build.0 = Release|Any CPU
	EndGlobalSection
	GlobalSection(SolutionProperties) = preSolution
		HideSolutionNode = FALSE
	EndGlobalSection
	GlobalSection(ExtensibilityGlobals) = postSolution
		SolutionGuid = {5AC41115-971A-42EF-A475-5A821D1AC50C}
	EndGlobalSection
EndGlobal
